
Microsoft Visual Studio Solution File, Format Version 12.00
# Visual Studio 2015
Project("{FAE04EC0-301F-11D3-BF4B-00C04F79EFBC}") = "SpiderPig.CSharp.Plugins", "SpiderPig.CSharp.Plugins.csproj", "{6DF7D897-D7FB-CAFD-244C-92DDCB321A77}"
EndProject
Project("{FAE04EC0-301F-11D3-BF4B-00C04F79EFBC}") = "SpiderPig.CSharp", "SpiderPig.CSharp.csproj", "{F3B26F22-8F21-8013-945B-BDC2EC7CAC6F}"
EndProject
Project("{FAE04EC0-301F-11D3-BF4B-00C04F79EFBC}") = "SpiderPig.CSharp.Editor", "SpiderPig.CSharp.Editor.csproj", "{5F6058A0-72FD-4FF9-8551-29C237E1858B}"
EndProject
Global
	GlobalSection(SolutionConfigurationPlatforms) = preSolution
		Debug|Any CPU = Debug|Any CPU
		Release|Any CPU = Release|Any CPU
	EndGlobalSection
	GlobalSection(ProjectConfigurationPlatforms) = postSolution
		{6DF7D897-D7FB-CAFD-244C-92DDCB321A77}.Debug|Any CPU.ActiveCfg = Debug|Any CPU
		{6DF7D897-D7FB-CAFD-244C-92DDCB321A77}.Debug|Any CPU.Build.0 = Debug|Any CPU
		{6DF7D897-D7FB-CAFD-244C-92DDCB321A77}.Release|Any CPU.ActiveCfg = Release|Any CPU
		{6DF7D897-D7FB-CAFD-244C-92DDCB321A77}.Release|Any CPU.Build.0 = Release|Any CPU
		{F3B26F22-8F21-8013-945B-BDC2EC7CAC6F}.Debug|Any CPU.ActiveCfg = Debug|Any CPU
		{F3B26F22-8F21-8013-945B-BDC2EC7CAC6F}.Debug|Any CPU.Build.0 = Debug|Any CPU
		{F3B26F22-8F21-8013-945B-BDC2EC7CAC6F}.Release|Any CPU.ActiveCfg = Release|Any CPU
		{F3B26F22-8F21-8013-945B-BDC2EC7CAC6F}.Release|Any CPU.Build.0 = Release|Any CPU
		{5F6058A0-72FD-4FF9-8551-29C237E1858B}.Debug|Any CPU.ActiveCfg = Debug|Any CPU
		{5F6058A0-72FD-4FF9-8551-29C237E1858B}.Debug|Any CPU.Build.0 = Debug|Any CPU
		{5F6058A0-72FD-4FF9-8551-29C237E1858B}.Release|Any CPU.ActiveCfg = Release|Any CPU
		{5F6058A0-72FD-4FF9-8551-29C237E1858B}.Release|Any CPU.Build.0 = Release|Any CPU
	EndGlobalSection
	GlobalSection(SolutionProperties) = preSolution
		HideSolutionNode = FALSE
	EndGlobalSection
EndGlobal
